
Microsoft Visual Studio Solution File, Format Version 12.00
# Visual Studio Version 17
VisualStudioVersion = 17.1.32407.343
MinimumVisualStudioVersion = 10.0.40219.1
Project("{FAE04EC0-301F-11D3-BF4B-00C04F79EFBC}") = "IteratorPattern", "IteratorPattern.csproj", "{0C88F161-CBF8-4E39-A98E-F993C29BF4E8}"
EndProject
Global
	GlobalSection(SolutionConfigurationPlatforms) = preSolution
		Debug|Any CPU = Debug|Any CPU
		Release|Any CPU = Release|Any CPU
	EndGlobalSection
	GlobalSection(ProjectConfigurationPlatforms) = postSolution
		{0C88F161-CBF8-4E39-A98E-F993C29BF4E8}.Debug|Any CPU.ActiveCfg = Debug|Any CPU
		{0C88F161-CBF8-4E39-A98E-F993C29BF4E8}.Debug|Any CPU.Build.0 = Debug|Any CPU
		{0C88F161-CBF8-4E39-A98E-F993C29BF4E8}.Release|Any CPU.ActiveCfg = Release|Any CPU
		{0C88F161-CBF8-4E39-A98E-F993C29BF4E8}.Release|Any CPU.Build.0 = Release|Any CPU
	EndGlobalSection
	GlobalSection(SolutionProperties) = preSolution
		HideSolutionNode = FALSE
	EndGlobalSection
	GlobalSection(ExtensibilityGlobals) = postSolution
		SolutionGuid = {C43A08F1-5E5B-4419-91F9-20E88D941CE1}
	EndGlobalSection
EndGlobal
