
Microsoft Visual Studio Solution File, Format Version 12.00
# Visual Studio Version 17
VisualStudioVersion = 17.1.32407.343
MinimumVisualStudioVersion = 10.0.40219.1
Project("{FAE04EC0-301F-11D3-BF4B-00C04F79EFBC}") = "ChainOfResponsibilityPattern", "ChainOfResponsibilityPattern.csproj", "{B73012CE-AEE3-4244-A48F-FEADD49193F3}"
EndProject
Global
	GlobalSection(SolutionConfigurationPlatforms) = preSolution
		Debug|Any CPU = Debug|Any CPU
		Release|Any CPU = Release|Any CPU
	EndGlobalSection
	GlobalSection(ProjectConfigurationPlatforms) = postSolution
		{B73012CE-AEE3-4244-A48F-FEADD49193F3}.Debug|Any CPU.ActiveCfg = Debug|Any CPU
		{B73012CE-AEE3-4244-A48F-FEADD49193F3}.Debug|Any CPU.Build.0 = Debug|Any CPU
		{B73012CE-AEE3-4244-A48F-FEADD49193F3}.Release|Any CPU.ActiveCfg = Release|Any CPU
		{B73012CE-AEE3-4244-A48F-FEADD49193F3}.Release|Any CPU.Build.0 = Release|Any CPU
	EndGlobalSection
	GlobalSection(SolutionProperties) = preSolution
		HideSolutionNode = FALSE
	EndGlobalSection
	GlobalSection(ExtensibilityGlobals) = postSolution
		SolutionGuid = {AEACD035-5D12-4C22-9206-A175C2C92C1D}
	EndGlobalSection
EndGlobal
