
Microsoft Visual Studio Solution File, Format Version 12.00
# Visual Studio Version 17
VisualStudioVersion = 17.1.32407.343
MinimumVisualStudioVersion = 10.0.40219.1
Project("{FAE04EC0-301F-11D3-BF4B-00C04F79EFBC}") = "VisitorPattern", "VisitorPattern.csproj", "{2F0CC648-8E3A-4006-88F2-3D7B6A7E356F}"
EndProject
Global
	GlobalSection(SolutionConfigurationPlatforms) = preSolution
		Debug|Any CPU = Debug|Any CPU
		Release|Any CPU = Release|Any CPU
	EndGlobalSection
	GlobalSection(ProjectConfigurationPlatforms) = postSolution
		{2F0CC648-8E3A-4006-88F2-3D7B6A7E356F}.Debug|Any CPU.ActiveCfg = Debug|Any CPU
		{2F0CC648-8E3A-4006-88F2-3D7B6A7E356F}.Debug|Any CPU.Build.0 = Debug|Any CPU
		{2F0CC648-8E3A-4006-88F2-3D7B6A7E356F}.Release|Any CPU.ActiveCfg = Release|Any CPU
		{2F0CC648-8E3A-4006-88F2-3D7B6A7E356F}.Release|Any CPU.Build.0 = Release|Any CPU
	EndGlobalSection
	GlobalSection(SolutionProperties) = preSolution
		HideSolutionNode = FALSE
	EndGlobalSection
	GlobalSection(ExtensibilityGlobals) = postSolution
		SolutionGuid = {C47B60F6-AF6F-453D-B374-397BA2C88348}
	EndGlobalSection
EndGlobal
