
Microsoft Visual Studio Solution File, Format Version 12.00
# Visual Studio Version 17
VisualStudioVersion = 17.1.32407.343
MinimumVisualStudioVersion = 10.0.40219.1
Project("{FAE04EC0-301F-11D3-BF4B-00C04F79EFBC}") = "AdapterPattern", "AdapterPattern.csproj", "{D82838A0-4AE6-4A74-B702-8A0223A9753F}"
EndProject
Global
	GlobalSection(SolutionConfigurationPlatforms) = preSolution
		Debug|Any CPU = Debug|Any CPU
		Release|Any CPU = Release|Any CPU
	EndGlobalSection
	GlobalSection(ProjectConfigurationPlatforms) = postSolution
		{D82838A0-4AE6-4A74-B702-8A0223A9753F}.Debug|Any CPU.ActiveCfg = Debug|Any CPU
		{D82838A0-4AE6-4A74-B702-8A0223A9753F}.Debug|Any CPU.Build.0 = Debug|Any CPU
		{D82838A0-4AE6-4A74-B702-8A0223A9753F}.Release|Any CPU.ActiveCfg = Release|Any CPU
		{D82838A0-4AE6-4A74-B702-8A0223A9753F}.Release|Any CPU.Build.0 = Release|Any CPU
	EndGlobalSection
	GlobalSection(SolutionProperties) = preSolution
		HideSolutionNode = FALSE
	EndGlobalSection
	GlobalSection(ExtensibilityGlobals) = postSolution
		SolutionGuid = {8EBFAF1B-2A5F-46E5-97E0-7010D11B43E6}
	EndGlobalSection
EndGlobal
