
Microsoft Visual Studio Solution File, Format Version 12.00
# Visual Studio Version 17
VisualStudioVersion = 17.1.32407.343
MinimumVisualStudioVersion = 10.0.40219.1
Project("{FAE04EC0-301F-11D3-BF4B-00C04F79EFBC}") = "FlyweightPattern", "FlyweightPattern.csproj", "{C7C8C530-4741-4C2F-B5A1-CDD91C810525}"
EndProject
Global
	GlobalSection(SolutionConfigurationPlatforms) = preSolution
		Debug|Any CPU = Debug|Any CPU
		Release|Any CPU = Release|Any CPU
	EndGlobalSection
	GlobalSection(ProjectConfigurationPlatforms) = postSolution
		{C7C8C530-4741-4C2F-B5A1-CDD91C810525}.Debug|Any CPU.ActiveCfg = Debug|Any CPU
		{C7C8C530-4741-4C2F-B5A1-CDD91C810525}.Debug|Any CPU.Build.0 = Debug|Any CPU
		{C7C8C530-4741-4C2F-B5A1-CDD91C810525}.Release|Any CPU.ActiveCfg = Release|Any CPU
		{C7C8C530-4741-4C2F-B5A1-CDD91C810525}.Release|Any CPU.Build.0 = Release|Any CPU
	EndGlobalSection
	GlobalSection(SolutionProperties) = preSolution
		HideSolutionNode = FALSE
	EndGlobalSection
	GlobalSection(ExtensibilityGlobals) = postSolution
		SolutionGuid = {9EAA93F7-A7D4-4D4A-AD78-34A0FB70ACE6}
	EndGlobalSection
EndGlobal
