
Microsoft Visual Studio Solution File, Format Version 12.00
# Visual Studio Version 17
VisualStudioVersion = 17.1.32407.343
MinimumVisualStudioVersion = 10.0.40219.1
Project("{FAE04EC0-301F-11D3-BF4B-00C04F79EFBC}") = "StrategyPattern", "StrategyPattern.csproj", "{9844CCE4-54B3-4763-AF29-32BDE10E8691}"
EndProject
Global
	GlobalSection(SolutionConfigurationPlatforms) = preSolution
		Debug|Any CPU = Debug|Any CPU
		Release|Any CPU = Release|Any CPU
	EndGlobalSection
	GlobalSection(ProjectConfigurationPlatforms) = postSolution
		{9844CCE4-54B3-4763-AF29-32BDE10E8691}.Debug|Any CPU.ActiveCfg = Debug|Any CPU
		{9844CCE4-54B3-4763-AF29-32BDE10E8691}.Debug|Any CPU.Build.0 = Debug|Any CPU
		{9844CCE4-54B3-4763-AF29-32BDE10E8691}.Release|Any CPU.ActiveCfg = Release|Any CPU
		{9844CCE4-54B3-4763-AF29-32BDE10E8691}.Release|Any CPU.Build.0 = Release|Any CPU
	EndGlobalSection
	GlobalSection(SolutionProperties) = preSolution
		HideSolutionNode = FALSE
	EndGlobalSection
	GlobalSection(ExtensibilityGlobals) = postSolution
		SolutionGuid = {EBAE5D0C-9A12-45F8-AA91-A9894E877C64}
	EndGlobalSection
EndGlobal
